
Microsoft Visual Studio Solution File, Format Version 12.00
# Visual Studio Version 16
VisualStudioVersion = 16.0.30225.117
MinimumVisualStudioVersion = 10.0.40219.1
Project("{FAE04EC0-301F-11D3-BF4B-00C04F79EFBC}") = "VentaRespuestosConsole", "VentaRespuestosConsole\VentaRespuestosConsole.csproj", "{6F75A8B5-0265-443E-AC08-E0123A019964}"
EndProject
Project("{FAE04EC0-301F-11D3-BF4B-00C04F79EFBC}") = "VentaRespuestosController", "VentaRespuestosController\VentaRespuestosController.csproj", "{93B954BD-9D14-442F-972F-D4041764578C}"
EndProject
Project("{FAE04EC0-301F-11D3-BF4B-00C04F79EFBC}") = "VentaRespuestosService", "VentaRespuestosService\VentaRespuestosService.csproj", "{9A5968BD-2944-4E55-BC51-716886E628C2}"
EndProject
Project("{FAE04EC0-301F-11D3-BF4B-00C04F79EFBC}") = "VentaRespuestosDatos", "VentaRespuestosDatos\VentaRespuestosDatos.csproj", "{86E2CA58-11FE-4AA8-9BF7-65C674B3D8A6}"
EndProject
Project("{FAE04EC0-301F-11D3-BF4B-00C04F79EFBC}") = "VentaRespuestosEntidades", "VentaRespuestosEntidades\VentaRespuestosEntidades.csproj", "{EC3836BD-E40E-4AE5-BB92-092983E06205}"
EndProject
Global
	GlobalSection(SolutionConfigurationPlatforms) = preSolution
		Debug|Any CPU = Debug|Any CPU
		Release|Any CPU = Release|Any CPU
	EndGlobalSection
	GlobalSection(ProjectConfigurationPlatforms) = postSolution
		{6F75A8B5-0265-443E-AC08-E0123A019964}.Debug|Any CPU.ActiveCfg = Debug|Any CPU
		{6F75A8B5-0265-443E-AC08-E0123A019964}.Debug|Any CPU.Build.0 = Debug|Any CPU
		{6F75A8B5-0265-443E-AC08-E0123A019964}.Release|Any CPU.ActiveCfg = Release|Any CPU
		{6F75A8B5-0265-443E-AC08-E0123A019964}.Release|Any CPU.Build.0 = Release|Any CPU
		{93B954BD-9D14-442F-972F-D4041764578C}.Debug|Any CPU.ActiveCfg = Debug|Any CPU
		{93B954BD-9D14-442F-972F-D4041764578C}.Debug|Any CPU.Build.0 = Debug|Any CPU
		{93B954BD-9D14-442F-972F-D4041764578C}.Release|Any CPU.ActiveCfg = Release|Any CPU
		{93B954BD-9D14-442F-972F-D4041764578C}.Release|Any CPU.Build.0 = Release|Any CPU
		{9A5968BD-2944-4E55-BC51-716886E628C2}.Debug|Any CPU.ActiveCfg = Debug|Any CPU
		{9A5968BD-2944-4E55-BC51-716886E628C2}.Debug|Any CPU.Build.0 = Debug|Any CPU
		{9A5968BD-2944-4E55-BC51-716886E628C2}.Release|Any CPU.ActiveCfg = Release|Any CPU
		{9A5968BD-2944-4E55-BC51-716886E628C2}.Release|Any CPU.Build.0 = Release|Any CPU
		{86E2CA58-11FE-4AA8-9BF7-65C674B3D8A6}.Debug|Any CPU.ActiveCfg = Debug|Any CPU
		{86E2CA58-11FE-4AA8-9BF7-65C674B3D8A6}.Debug|Any CPU.Build.0 = Debug|Any CPU
		{86E2CA58-11FE-4AA8-9BF7-65C674B3D8A6}.Release|Any CPU.ActiveCfg = Release|Any CPU
		{86E2CA58-11FE-4AA8-9BF7-65C674B3D8A6}.Release|Any CPU.Build.0 = Release|Any CPU
		{EC3836BD-E40E-4AE5-BB92-092983E06205}.Debug|Any CPU.ActiveCfg = Debug|Any CPU
		{EC3836BD-E40E-4AE5-BB92-092983E06205}.Debug|Any CPU.Build.0 = Debug|Any CPU
		{EC3836BD-E40E-4AE5-BB92-092983E06205}.Release|Any CPU.ActiveCfg = Release|Any CPU
		{EC3836BD-E40E-4AE5-BB92-092983E06205}.Release|Any CPU.Build.0 = Release|Any CPU
	EndGlobalSection
	GlobalSection(SolutionProperties) = preSolution
		HideSolutionNode = FALSE
	EndGlobalSection
	GlobalSection(ExtensibilityGlobals) = postSolution
		SolutionGuid = {958DFDAA-9040-402E-9123-B26F12933D03}
	EndGlobalSection
EndGlobal
